
Microsoft Visual Studio Solution File, Format Version 12.00
# Visual Studio Version 17
VisualStudioVersion = 17.0.31903.59
MinimumVisualStudioVersion = 10.0.40219.1
Project("{FAE04EC0-301F-11D3-BF4B-00C04F79EFBC}") = "Domain", "Domain\Domain.csproj", "{747B0ACD-845B-4FD7-AF10-1A8282EAEB77}"
EndProject
Project("{FAE04EC0-301F-11D3-BF4B-00C04F79EFBC}") = "Application", "Application\Application.csproj", "{613EB6B7-53B5-4AED-83D3-14BA5607A5D7}"
EndProject
Project("{FAE04EC0-301F-11D3-BF4B-00C04F79EFBC}") = "Infrastructure", "Infrastructure\Infrastructure.csproj", "{EE105152-E79A-4340-A15E-4227FAA09409}"
EndProject
Project("{FAE04EC0-301F-11D3-BF4B-00C04F79EFBC}") = "WebAPI", "WebAPI\WebAPI.csproj", "{64A310E0-9AD2-4DA4-A11F-7F8E95D5B06A}"
EndProject
Project("{FAE04EC0-301F-11D3-BF4B-00C04F79EFBC}") = "WorkerService", "WorkerService\WorkerService.csproj", "{D2C13F7E-02EF-4752-9BE9-3A403F8B1EF1}"
EndProject
Project("{FAE04EC0-301F-11D3-BF4B-00C04F79EFBC}") = "Jobs", "Jobs\Jobs.csproj", "{548839DC-F065-4D1B-9249-8041BBD7C187}"
EndProject
Global
	GlobalSection(SolutionConfigurationPlatforms) = preSolution
		Debug|Any CPU = Debug|Any CPU
		Release|Any CPU = Release|Any CPU
	EndGlobalSection
	GlobalSection(SolutionProperties) = preSolution
		HideSolutionNode = FALSE
	EndGlobalSection
	GlobalSection(ProjectConfigurationPlatforms) = postSolution
		{747B0ACD-845B-4FD7-AF10-1A8282EAEB77}.Debug|Any CPU.ActiveCfg = Debug|Any CPU
		{747B0ACD-845B-4FD7-AF10-1A8282EAEB77}.Debug|Any CPU.Build.0 = Debug|Any CPU
		{747B0ACD-845B-4FD7-AF10-1A8282EAEB77}.Release|Any CPU.ActiveCfg = Release|Any CPU
		{747B0ACD-845B-4FD7-AF10-1A8282EAEB77}.Release|Any CPU.Build.0 = Release|Any CPU
		{613EB6B7-53B5-4AED-83D3-14BA5607A5D7}.Debug|Any CPU.ActiveCfg = Debug|Any CPU
		{613EB6B7-53B5-4AED-83D3-14BA5607A5D7}.Debug|Any CPU.Build.0 = Debug|Any CPU
		{613EB6B7-53B5-4AED-83D3-14BA5607A5D7}.Release|Any CPU.ActiveCfg = Release|Any CPU
		{613EB6B7-53B5-4AED-83D3-14BA5607A5D7}.Release|Any CPU.Build.0 = Release|Any CPU
		{EE105152-E79A-4340-A15E-4227FAA09409}.Debug|Any CPU.ActiveCfg = Debug|Any CPU
		{EE105152-E79A-4340-A15E-4227FAA09409}.Debug|Any CPU.Build.0 = Debug|Any CPU
		{EE105152-E79A-4340-A15E-4227FAA09409}.Release|Any CPU.ActiveCfg = Release|Any CPU
		{EE105152-E79A-4340-A15E-4227FAA09409}.Release|Any CPU.Build.0 = Release|Any CPU
		{64A310E0-9AD2-4DA4-A11F-7F8E95D5B06A}.Debug|Any CPU.ActiveCfg = Debug|Any CPU
		{64A310E0-9AD2-4DA4-A11F-7F8E95D5B06A}.Debug|Any CPU.Build.0 = Debug|Any CPU
		{64A310E0-9AD2-4DA4-A11F-7F8E95D5B06A}.Release|Any CPU.ActiveCfg = Release|Any CPU
		{64A310E0-9AD2-4DA4-A11F-7F8E95D5B06A}.Release|Any CPU.Build.0 = Release|Any CPU
		{D2C13F7E-02EF-4752-9BE9-3A403F8B1EF1}.Debug|Any CPU.ActiveCfg = Debug|Any CPU
		{D2C13F7E-02EF-4752-9BE9-3A403F8B1EF1}.Debug|Any CPU.Build.0 = Debug|Any CPU
		{D2C13F7E-02EF-4752-9BE9-3A403F8B1EF1}.Release|Any CPU.ActiveCfg = Release|Any CPU
		{D2C13F7E-02EF-4752-9BE9-3A403F8B1EF1}.Release|Any CPU.Build.0 = Release|Any CPU
		{548839DC-F065-4D1B-9249-8041BBD7C187}.Debug|Any CPU.ActiveCfg = Debug|Any CPU
		{548839DC-F065-4D1B-9249-8041BBD7C187}.Debug|Any CPU.Build.0 = Debug|Any CPU
		{548839DC-F065-4D1B-9249-8041BBD7C187}.Release|Any CPU.ActiveCfg = Release|Any CPU
		{548839DC-F065-4D1B-9249-8041BBD7C187}.Release|Any CPU.Build.0 = Release|Any CPU
	EndGlobalSection
EndGlobal
